Microsoft Visual Studio Solution File, Format Version 12.00
# Visual Studio Version 17
VisualStudioVersion = 17.5.2.0
MinimumVisualStudioVersion = 10.0.40219.1
Project("{FAE04EC0-301F-11D3-BF4B-00C04F79EFBC}") = "TheConnectShop", "TheConnectShop.csproj", "{16249ECB-8892-A83F-EF78-8AE3817A084A}"
EndProject
Global
	GlobalSection(SolutionConfigurationPlatforms) = preSolution
		Debug|Any CPU = Debug|Any CPU
		Release|Any CPU = Release|Any CPU
	EndGlobalSection
	GlobalSection(ProjectConfigurationPlatforms) = postSolution
		{16249ECB-8892-A83F-EF78-8AE3817A084A}.Debug|Any CPU.ActiveCfg = Debug|Any CPU
		{16249ECB-8892-A83F-EF78-8AE3817A084A}.Debug|Any CPU.Build.0 = Debug|Any CPU
		{16249ECB-8892-A83F-EF78-8AE3817A084A}.Release|Any CPU.ActiveCfg = Release|Any CPU
		{16249ECB-8892-A83F-EF78-8AE3817A084A}.Release|Any CPU.Build.0 = Release|Any CPU
	EndGlobalSection
	GlobalSection(SolutionProperties) = preSolution
		HideSolutionNode = FALSE
	EndGlobalSection
	GlobalSection(ExtensibilityGlobals) = postSolution
		SolutionGuid = {40CD1036-6A14-4CB8-BB94-113327AD6938}
	EndGlobalSection
EndGlobal
